
Microsoft Visual Studio Solution File, Format Version 12.00
# Visual Studio 15
VisualStudioVersion = 15.0.27130.2010
MinimumVisualStudioVersion = 10.0.40219.1
Project("{8BC9CEB8-8B4A-11D0-8D11-00A0C91BC942}") = "Basic", "Basic\Basic.vcxproj", "{A3A923C3-5D98-4B7F-9C3B-3B9C447D43F5}"
EndProject
Project("{8BC9CEB8-8B4A-11D0-8D11-00A0C91BC942}") = "QueryTextPro", "QueryTextPro\QueryTextPro.vcxproj", "{8455D4AA-9FCE-462D-88F9-5C26FDF8C059}"
EndProject
Project("{8BC9CEB8-8B4A-11D0-8D11-00A0C91BC942}") = "QueryText", "QueryText\QueryText.vcxproj", "{D0333100-F191-4FB0-ABCA-1D356C745D36}"
EndProject
Global
	GlobalSection(SolutionConfigurationPlatforms) = preSolution
		Debug|x64 = Debug|x64
		Debug|x86 = Debug|x86
		Release|x64 = Release|x64
		Release|x86 = Release|x86
	EndGlobalSection
	GlobalSection(ProjectConfigurationPlatforms) = postSolution
		{A3A923C3-5D98-4B7F-9C3B-3B9C447D43F5}.Debug|x64.ActiveCfg = Debug|x64
		{A3A923C3-5D98-4B7F-9C3B-3B9C447D43F5}.Debug|x64.Build.0 = Debug|x64
		{A3A923C3-5D98-4B7F-9C3B-3B9C447D43F5}.Debug|x86.ActiveCfg = Debug|Win32
		{A3A923C3-5D98-4B7F-9C3B-3B9C447D43F5}.Debug|x86.Build.0 = Debug|Win32
		{A3A923C3-5D98-4B7F-9C3B-3B9C447D43F5}.Release|x64.ActiveCfg = Release|x64
		{A3A923C3-5D98-4B7F-9C3B-3B9C447D43F5}.Release|x64.Build.0 = Release|x64
		{A3A923C3-5D98-4B7F-9C3B-3B9C447D43F5}.Release|x86.ActiveCfg = Release|Win32
		{A3A923C3-5D98-4B7F-9C3B-3B9C447D43F5}.Release|x86.Build.0 = Release|Win32
		{8455D4AA-9FCE-462D-88F9-5C26FDF8C059}.Debug|x64.ActiveCfg = Debug|Win32
		{8455D4AA-9FCE-462D-88F9-5C26FDF8C059}.Debug|x86.ActiveCfg = Debug|Win32
		{8455D4AA-9FCE-462D-88F9-5C26FDF8C059}.Debug|x86.Build.0 = Debug|Win32
		{8455D4AA-9FCE-462D-88F9-5C26FDF8C059}.Release|x64.ActiveCfg = Release|Win32
		{8455D4AA-9FCE-462D-88F9-5C26FDF8C059}.Release|x86.ActiveCfg = Release|Win32
		{8455D4AA-9FCE-462D-88F9-5C26FDF8C059}.Release|x86.Build.0 = Release|Win32
		{D0333100-F191-4FB0-ABCA-1D356C745D36}.Debug|x64.ActiveCfg = Debug|x64
		{D0333100-F191-4FB0-ABCA-1D356C745D36}.Debug|x64.Build.0 = Debug|x64
		{D0333100-F191-4FB0-ABCA-1D356C745D36}.Debug|x86.ActiveCfg = Debug|Win32
		{D0333100-F191-4FB0-ABCA-1D356C745D36}.Debug|x86.Build.0 = Debug|Win32
		{D0333100-F191-4FB0-ABCA-1D356C745D36}.Release|x64.ActiveCfg = Release|x64
		{D0333100-F191-4FB0-ABCA-1D356C745D36}.Release|x64.Build.0 = Release|x64
		{D0333100-F191-4FB0-ABCA-1D356C745D36}.Release|x86.ActiveCfg = Release|Win32
		{D0333100-F191-4FB0-ABCA-1D356C745D36}.Release|x86.Build.0 = Release|Win32
	EndGlobalSection
	GlobalSection(SolutionProperties) = preSolution
		HideSolutionNode = FALSE
	EndGlobalSection
	GlobalSection(ExtensibilityGlobals) = postSolution
		SolutionGuid = {44D7D3A6-D420-46F3-9D5E-971098C872EF}
	EndGlobalSection
EndGlobal
